
Microsoft Visual Studio Solution File, Format Version 12.00
# Visual Studio Version 16
VisualStudioVersion = 16.0.29806.167
MinimumVisualStudioVersion = 10.0.40219.1
Project("{FAE04EC0-301F-11D3-BF4B-00C04F79EFBC}") = "MartianRobots", "MartianRobots\MartianRobots.csproj", "{A7EE9137-E6B0-470B-A82C-203FC4F06EF4}"
EndProject
Project("{FAE04EC0-301F-11D3-BF4B-00C04F79EFBC}") = "MartianRobotsClient", "MartianRobotsClient\MartianRobotsClient.csproj", "{784F9790-5848-4AB8-AFC1-5530EE2E644B}"
EndProject
Project("{FAE04EC0-301F-11D3-BF4B-00C04F79EFBC}") = "SharedFiles", "SharedFiles\SharedFiles.csproj", "{C96E506F-9C3C-4000-8832-1426994120C5}"
EndProject
Project("{FAE04EC0-301F-11D3-BF4B-00C04F79EFBC}") = "MartianRobotTests", "MartianRobotTests\MartianRobotTests\MartianRobotTests.csproj", "{D0707A15-1C45-4DEE-B820-F39EFA77C65B}"
EndProject
Global
	GlobalSection(SolutionConfigurationPlatforms) = preSolution
		Debug|Any CPU = Debug|Any CPU
		Release|Any CPU = Release|Any CPU
	EndGlobalSection
	GlobalSection(ProjectConfigurationPlatforms) = postSolution
		{A7EE9137-E6B0-470B-A82C-203FC4F06EF4}.Debug|Any CPU.ActiveCfg = Debug|Any CPU
		{A7EE9137-E6B0-470B-A82C-203FC4F06EF4}.Debug|Any CPU.Build.0 = Debug|Any CPU
		{A7EE9137-E6B0-470B-A82C-203FC4F06EF4}.Release|Any CPU.ActiveCfg = Release|Any CPU
		{A7EE9137-E6B0-470B-A82C-203FC4F06EF4}.Release|Any CPU.Build.0 = Release|Any CPU
		{784F9790-5848-4AB8-AFC1-5530EE2E644B}.Debug|Any CPU.ActiveCfg = Debug|Any CPU
		{784F9790-5848-4AB8-AFC1-5530EE2E644B}.Debug|Any CPU.Build.0 = Debug|Any CPU
		{784F9790-5848-4AB8-AFC1-5530EE2E644B}.Release|Any CPU.ActiveCfg = Release|Any CPU
		{784F9790-5848-4AB8-AFC1-5530EE2E644B}.Release|Any CPU.Build.0 = Release|Any CPU
		{C96E506F-9C3C-4000-8832-1426994120C5}.Debug|Any CPU.ActiveCfg = Debug|Any CPU
		{C96E506F-9C3C-4000-8832-1426994120C5}.Debug|Any CPU.Build.0 = Debug|Any CPU
		{C96E506F-9C3C-4000-8832-1426994120C5}.Release|Any CPU.ActiveCfg = Release|Any CPU
		{C96E506F-9C3C-4000-8832-1426994120C5}.Release|Any CPU.Build.0 = Release|Any CPU
		{D0707A15-1C45-4DEE-B820-F39EFA77C65B}.Debug|Any CPU.ActiveCfg = Debug|Any CPU
		{D0707A15-1C45-4DEE-B820-F39EFA77C65B}.Debug|Any CPU.Build.0 = Debug|Any CPU
		{D0707A15-1C45-4DEE-B820-F39EFA77C65B}.Release|Any CPU.ActiveCfg = Release|Any CPU
		{D0707A15-1C45-4DEE-B820-F39EFA77C65B}.Release|Any CPU.Build.0 = Release|Any CPU
	EndGlobalSection
	GlobalSection(SolutionProperties) = preSolution
		HideSolutionNode = FALSE
	EndGlobalSection
	GlobalSection(ExtensibilityGlobals) = postSolution
		SolutionGuid = {E9FC6B32-A117-4D02-B6BF-9FC1BE52744C}
	EndGlobalSection
EndGlobal
